// !$*UTF8*$!
{
	archiveVersion = 1;
	classes = {
	};
	objectVersion = 46;
	objects = {

/* Begin PBXBuildFile section */
		84AEF7DB18C7137B0092DDBC /* UIKit.framework in Frameworks */ = {isa = PBXBuildFile; fileRef = 84AEF7DA18C7137B0092DDBC /* UIKit.framework */; };
		84AEF7DD18C7137B0092DDBC /* Foundation.framework in Frameworks */ = {isa = PBXBuildFile; fileRef = 84AEF7DC18C7137B0092DDBC /* Foundation.framework */; };
		84AEF7DF18C7137B0092DDBC /* CoreGraphics.framework in Frameworks */ = {isa = PBXBuildFile; fileRef = 84AEF7DE18C7137B0092DDBC /* CoreGraphics.framework */; };
		84AEF7E118C7137B0092DDBC /* CoreData.framework in Frameworks */ = {isa = PBXBuildFile; fileRef = 84AEF7E018C7137B0092DDBC /* CoreData.framework */; };
		84AEF7E718C7137B0092DDBC /* InfoPlist.strings in Resources */ = {isa = PBXBuildFile; fileRef = 84AEF7E518C7137B0092DDBC /* InfoPlist.strings */; };
		84AEF7E918C7137B0092DDBC /* main.m in Sources */ = {isa = PBXBuildFile; fileRef = 84AEF7E818C7137B0092DDBC /* main.m */; };
		84AEF7ED18C7137B0092DDBC /* AppDelegate.m in Sources */ = {isa = PBXBuildFile; fileRef = 84AEF7EC18C7137B0092DDBC /* AppDelegate.m */; };
		84AEF7EF18C7137C0092DDBC /* Default.png in Resources */ = {isa = PBXBuildFile; fileRef = 84AEF7EE18C7137C0092DDBC /* Default.png */; };
		84AEF7F118C7137C0092DDBC /* Default@2x.png in Resources */ = {isa = PBXBuildFile; fileRef = 84AEF7F018C7137C0092DDBC /* Default@2x.png */; };
		84AEF7F318C7137C0092DDBC /* Default-568h@2x.png in Resources */ = {isa = PBXBuildFile; fileRef = 84AEF7F218C7137C0092DDBC /* Default-568h@2x.png */; };
		84AEF7F618C7137C0092DDBC /* anxin.xcdatamodeld in Sources */ = {isa = PBXBuildFile; fileRef = 84AEF7F418C7137C0092DDBC /* anxin.xcdatamodeld */; };
/* End PBXBuildFile section */

/* Begin PBXFileReference section */
		84AEF7D718C7137B0092DDBC /* anxin.app */ = {isa = PBXFileReference; explicitFileType = wrapper.application; includeInIndex = 0; path = anxin.app; sourceTree = BUILT_PRODUCTS_DIR; };
		84AEF7DA18C7137B0092DDBC /* UIKit.framework */ = {isa = PBXFileReference; lastKnownFileType = wrapper.framework; name = UIKit.framework; path = System/Library/Frameworks/UIKit.framework; sourceTree = SDKROOT; };
		84AEF7DC18C7137B0092DDBC /* Foundation.framework */ = {isa = PBXFileReference; lastKnownFileType = wrapper.framework; name = Foundation.framework; path = System/Library/Frameworks/Foundation.framework; sourceTree = SDKROOT; };
		84AEF7DE18C7137B0092DDBC /* CoreGraphics.framework */ = {isa = PBXFileReference; lastKnownFileType = wrapper.framework; name = CoreGraphics.framework; path = System/Library/Frameworks/CoreGraphics.framework; sourceTree = SDKROOT; };
		84AEF7E018C7137B0092DDBC /* CoreData.framework */ = {isa = PBXFileReference; lastKnownFileType = wrapper.framework; name = CoreData.framework; path = System/Library/Frameworks/CoreData.framework; sourceTree = SDKROOT; };
		84AEF7E418C7137B0092DDBC /* anxin-Info.plist */ = {isa = PBXFileReference; lastKnownFileType = text.plist.xml; path = "anxin-Info.plist"; sourceTree = "<group>"; };
		84AEF7E618C7137B0092DDBC /* en */ = {isa = PBXFileReference; lastKnownFileType = text.plist.strings; name = en; path = en.lproj/InfoPlist.strings; sourceTree = "<group>"; };
		84AEF7E818C7137B0092DDBC /* main.m */ = {isa = PBXFileReference; lastKnownFileType = sourcecode.c.objc; path = main.m; sourceTree = "<group>"; };
		84AEF7EA18C7137B0092DDBC /* anxin-Prefix.pch */ = {isa = PBXFileReference; lastKnownFileType = sourcecode.c.h; path = "anxin-Prefix.pch"; sourceTree = "<group>"; };
		84AEF7EB18C7137B0092DDBC /* AppDelegate.h */ = {isa = PBXFileReference; lastKnownFileType = sourcecode.c.h; path = AppDelegate.h; sourceTree = "<group>"; };
		84AEF7EC18C7137B0092DDBC /* AppDelegate.m */ = {isa = PBXFileReference; lastKnownFileType = sourcecode.c.objc; path = AppDelegate.m; sourceTree = "<group>"; };
		84AEF7EE18C7137C0092DDBC /* Default.png */ = {isa = PBXFileReference; lastKnownFileType = image.png; path = Default.png; sourceTree = "<group>"; };
		84AEF7F018C7137C0092DDBC /* Default@2x.png */ = {isa = PBXFileReference; lastKnownFileType = image.png; path = "Default@2x.png"; sourceTree = "<group>"; };
		84AEF7F218C7137C0092DDBC /* Default-568h@2x.png */ = {isa = PBXFileReference; lastKnownFileType = image.png; path = "Default-568h@2x.png"; sourceTree = "<group>"; };
		84AEF7F518C7137C0092DDBC /* anxin.xcdatamodel */ = {isa = PBXFileReference; lastKnownFileType = wrapper.xcdatamodel; path = anxin.xcdatamodel; sourceTree = "<group>"; };
/* End PBXFileReference section */

/* Begin PBXFrameworksBuildPhase section */
		84AEF7D418C7137B0092DDBC /* Frameworks */ = {
			isa = PBXFrameworksBuildPhase;
			buildActionMask = 2147483647;
			files = (
				84AEF7DB18C7137B0092DDBC /* UIKit.framework in Frameworks */,
				84AEF7DD18C7137B0092DDBC /* Foundation.framework in Frameworks */,
				84AEF7DF18C7137B0092DDBC /* CoreGraphics.framework in Frameworks */,
				84AEF7E118C7137B0092DDBC /* CoreData.framework in Frameworks */,
			);
			runOnlyForDeploymentPostprocessing = 0;
		};
/* End PBXFrameworksBuildPhase section */

/* Begin PBXGroup section */
		84AEF7CE18C7137B0092DDBC = {
			isa = PBXGroup;
			children = (
				84AEF7E218C7137B0092DDBC /* anxin */,
				84AEF7D918C7137B0092DDBC /* Frameworks */,
				84AEF7D818C7137B0092DDBC /* Products */,
			);
			sourceTree = "<group>";
		};
		84AEF7D818C7137B0092DDBC /* Products */ = {
			isa = PBXGroup;
			children = (
				84AEF7D718C7137B0092DDBC /* anxin.app */,
			);
			name = Products;
			sourceTree = "<group>";
		};
		84AEF7D918C7137B0092DDBC /* Frameworks */ = {
			isa = PBXGroup;
			children = (
				84AEF7DA18C7137B0092DDBC /* UIKit.framework */,
				84AEF7DC18C7137B0092DDBC /* Foundation.framework */,
				84AEF7DE18C7137B0092DDBC /* CoreGraphics.framework */,
				84AEF7E018C7137B0092DDBC /* CoreData.framework */,
			);
			name = Frameworks;
			sourceTree = "<group>";
		};
		84AEF7E218C7137B0092DDBC /* anxin */ = {
			isa = PBXGroup;
			children = (
				84AEF7EB18C7137B0092DDBC /* AppDelegate.h */,
				84AEF7EC18C7137B0092DDBC /* AppDelegate.m */,
				84AEF7F418C7137C0092DDBC /* anxin.xcdatamodeld */,
				84AEF7E318C7137B0092DDBC /* Supporting Files */,
			);
			path = anxin;
			sourceTree = "<group>";
		};
		84AEF7E318C7137B0092DDBC /* Supporting Files */ = {
			isa = PBXGroup;
			children = (
				84AEF7E418C7137B0092DDBC /* anxin-Info.plist */,
				84AEF7E518C7137B0092DDBC /* InfoPlist.strings */,
				84AEF7E818C7137B0092DDBC /* main.m */,
				84AEF7EA18C7137B0092DDBC /* anxin-Prefix.pch */,
				84AEF7EE18C7137C0092DDBC /* Default.png */,
				84AEF7F018C7137C0092DDBC /* Default@2x.png */,
				84AEF7F218C7137C0092DDBC /* Default-568h@2x.png */,
			);
			name = "Supporting Files";
			sourceTree = "<group>";
		};
/* End PBXGroup section */

/* Begin PBXNativeTarget section */
		84AEF7D618C7137B0092DDBC /* anxin */ = {
			isa = PBXNativeTarget;
			buildConfigurationList = 84AEF7F918C7137C0092DDBC /* Build configuration list for PBXNativeTarget "anxin" */;
			buildPhases = (
				84AEF7D318C7137B0092DDBC /* Sources */,
				84AEF7D418C7137B0092DDBC /* Frameworks */,
				84AEF7D518C7137B0092DDBC /* Resources */,
			);
			buildRules = (
			);
			dependencies = (
			);
			name = anxin;
			productName = anxin;
			productReference = 84AEF7D718C7137B0092DDBC /* anxin.app */;
			productType = "com.apple.product-type.application";
		};
/* End PBXNativeTarget section */

/* Begin PBXProject section */
		84AEF7CF18C7137B0092DDBC /* Project object */ = {
			isa = PBXProject;
			attributes = {
				LastUpgradeCheck = 0460;
				ORGANIZATIONNAME = heigesoft;
			};
			buildConfigurationList = 84AEF7D218C7137B0092DDBC /* Build configuration list for PBXProject "anxin" */;
			compatibilityVersion = "Xcode 3.2";
			developmentRegion = English;
			hasScannedForEncodings = 0;
			knownRegions = (
				en,
			);
			mainGroup = 84AEF7CE18C7137B0092DDBC;
			productRefGroup = 84AEF7D818C7137B0092DDBC /* Products */;
			projectDirPath = "";
			projectRoot = "";
			targets = (
				84AEF7D618C7137B0092DDBC /* anxin */,
			);
		};
/* End PBXProject section */

/* Begin PBXResourcesBuildPhase section */
		84AEF7D518C7137B0092DDBC /* Resources */ = {
			isa = PBXResourcesBuildPhase;
			buildActionMask = 2147483647;
			files = (
				84AEF7E718C7137B0092DDBC /* InfoPlist.strings in Resources */,
				84AEF7EF18C7137C0092DDBC /* Default.png in Resources */,
				84AEF7F118C7137C0092DDBC /* Default@2x.png in Resources */,
				84AEF7F318C7137C0092DDBC /* Default-568h@2x.png in Resources */,
			);
			runOnlyForDeploymentPostprocessing = 0;
		};
/* End PBXResourcesBuildPhase section */

/* Begin PBXSourcesBuildPhase section */
		84AEF7D318C7137B0092DDBC /* Sources */ = {
			isa = PBXSourcesBuildPhase;
			buildActionMask = 2147483647;
			files = (
				84AEF7E918C7137B0092DDBC /* main.m in Sources */,
				84AEF7ED18C7137B0092DDBC /* AppDelegate.m in Sources */,
				84AEF7F618C7137C0092DDBC /* anxin.xcdatamodeld in Sources */,
			);
			runOnlyForDeploymentPostprocessing = 0;
		};
/* End PBXSourcesBuildPhase section */

/* Begin PBXVariantGroup section */
		84AEF7E518C7137B0092DDBC /* InfoPlist.strings */ = {
			isa = PBXVariantGroup;
			children = (
				84AEF7E618C7137B0092DDBC /* en */,
			);
			name = InfoPlist.strings;
			sourceTree = "<group>";
		};
/* End PBXVariantGroup section */

/* Begin XCBuildConfiguration section */
		84AEF7F718C7137C0092DDBC /* Debug */ = {
			isa = XCBuildConfiguration;
			buildSettings = {
				ALWAYS_SEARCH_USER_PATHS = NO;
				CLANG_CXX_LANGUAGE_STANDARD = "gnu++0x";
				CLANG_CXX_LIBRARY = "libc++";
				CLANG_WARN_CONSTANT_CONVERSION = YES;
				CLANG_WARN_EMPTY_BODY = YES;
				CLANG_WARN_ENUM_CONVERSION = YES;
				CLANG_WARN_INT_CONVERSION = YES;
				CLANG_WARN__DUPLICATE_METHOD_MATCH = YES;
				"CODE_SIGN_IDENTITY[sdk=iphoneos*]" = "iPhone Developer";
				COPY_PHASE_STRIP = NO;
				GCC_C_LANGUAGE_STANDARD = gnu99;
				GCC_DYNAMIC_NO_PIC = NO;
				GCC_OPTIMIZATION_LEVEL = 0;
				GCC_PREPROCESSOR_DEFINITIONS = (
					"DEBUG=1",
					"$(inherited)",
				);
				GCC_SYMBOLS_PRIVATE_EXTERN = NO;
				GCC_WARN_ABOUT_RETURN_TYPE = YES;
				GCC_WARN_UNINITIALIZED_AUTOS = YES;
				GCC_WARN_UNUSED_VARIABLE = YES;
				IPHONEOS_DEPLOYMENT_TARGET = 6.1;
				ONLY_ACTIVE_ARCH = YES;
				SDKROOT = iphoneos;
			};
			name = Debug;
		};
		84AEF7F818C7137C0092DDBC /* Release */ = {
			isa = XCBuildConfiguration;
			buildSettings = {
				ALWAYS_SEARCH_USER_PATHS = NO;
				CLANG_CXX_LANGUAGE_STANDARD = "gnu++0x";
				CLANG_CXX_LIBRARY = "libc++";
				CLANG_WARN_CONSTANT_CONVERSION = YES;
				CLANG_WARN_EMPTY_BODY = YES;
				CLANG_WARN_ENUM_CONVERSION = YES;
				CLANG_WARN_INT_CONVERSION = YES;
				CLANG_WARN__DUPLICATE_METHOD_MATCH = YES;
				"CODE_SIGN_IDENTITY[sdk=iphoneos*]" = "iPhone Developer";
				COPY_PHASE_STRIP = YES;
				GCC_C_LANGUAGE_STANDARD = gnu99;
				GCC_WARN_ABOUT_RETURN_TYPE = YES;
				GCC_WARN_UNINITIALIZED_AUTOS = YES;
				GCC_WARN_UNUSED_VARIABLE = YES;
				IPHONEOS_DEPLOYMENT_TARGET = 6.1;
				OTHER_CFLAGS = "-DNS_BLOCK_ASSERTIONS=1";
				SDKROOT = iphoneos;
				VALIDATE_PRODUCT = YES;
			};
			name = Release;
		};
		84AEF7FA18C7137C0092DDBC /* Debug */ = {
			isa = XCBuildConfiguration;
			buildSettings = {
				GCC_PRECOMPILE_PREFIX_HEADER = YES;
				GCC_PREFIX_HEADER = "anxin/anxin-Prefix.pch";
				INFOPLIST_FILE = "anxin/anxin-Info.plist";
				PRODUCT_NAME = "$(TARGET_NAME)";
				WRAPPER_EXTENSION = app;
			};
			name = Debug;
		};
		84AEF7FB18C7137C0092DDBC /* Release */ = {
			isa = XCBuildConfiguration;
			buildSettings = {
				GCC_PRECOMPILE_PREFIX_HEADER = YES;
				GCC_PREFIX_HEADER = "anxin/anxin-Prefix.pch";
				INFOPLIST_FILE = "anxin/anxin-Info.plist";
				PRODUCT_NAME = "$(TARGET_NAME)";
				WRAPPER_EXTENSION = app;
			};
			name = Release;
		};
/* End XCBuildConfiguration section */

/* Begin XCConfigurationList section */
		84AEF7D218C7137B0092DDBC /* Build configuration list for PBXProject "anxin" */ = {
			isa = XCConfigurationList;
			buildConfigurations = (
				84AEF7F718C7137C0092DDBC /* Debug */,
				84AEF7F818C7137C0092DDBC /* Release */,
			);
			defaultConfigurationIsVisible = 0;
			defaultConfigurationName = Release;
		};
		84AEF7F918C7137C0092DDBC /* Build configuration list for PBXNativeTarget "anxin" */ = {
			isa = XCConfigurationList;
			buildConfigurations = (
				84AEF7FA18C7137C0092DDBC /* Debug */,
				84AEF7FB18C7137C0092DDBC /* Release */,
			);
			defaultConfigurationIsVisible = 0;
		};
/* End XCConfigurationList section */

/* Begin XCVersionGroup section */
		84AEF7F418C7137C0092DDBC /* anxin.xcdatamodeld */ = {
			isa = XCVersionGroup;
			children = (
				84AEF7F518C7137C0092DDBC /* anxin.xcdatamodel */,
			);
			currentVersion = 84AEF7F518C7137C0092DDBC /* anxin.xcdatamodel */;
			path = anxin.xcdatamodeld;
			sourceTree = "<group>";
			versionGroupType = wrapper.xcdatamodel;
		};
/* End XCVersionGroup section */
	};
	rootObject = 84AEF7CF18C7137B0092DDBC /* Project object */;
}
